# THIS IS AN AUTOGENERATED FILE. DO NOT EDIT THIS FILE DIRECTLY.
# yarn lockfile v1


bindings@~1.2.1:
  version "1.2.1"
  resolved "https://registry.yarnpkg.com/bindings/-/bindings-1.2.1.tgz#14ad6113812d2d37d72e67b4cacb4bb726505f11"
  integrity sha1-FK1hE4EtLTfXLme0ystLtyZQXxE=

mdns@^2.5.0:
  version "2.5.0"
  resolved "https://registry.yarnpkg.com/mdns/-/mdns-2.5.0.tgz#434148acfb176d634e86a59539098bba7961a809"
  integrity sha512-E/O/+Khhy/oCM7zq/GK0T+ASuMIpKITnCJMGN8KFaorkmexHzumLtGitA4pbUZg9Bap/Wxa+KgfGhh1oPNtlEQ==
  dependencies:
    bindings "~1.2.1"
    nan "^2.14.0"

nan@^2.14.0:
  version "2.14.0"
  resolved "https://registry.yarnpkg.com/nan/-/nan-2.14.0.tgz#7818f722027b2459a86f0295d434d1fc2336c52c"
  integrity sha512-INOFj37C7k3AfaNTtX8RhsTw7qRy7eLET14cROi9+5HAVbbHuIWUHEauBv5qT4Av2tWasiTY1Jw6puUNqRJXQg==
